
Microsoft Visual Studio Solution File, Format Version 12.00
# Visual Studio 15
VisualStudioVersion = 15.0.27130.2036
MinimumVisualStudioVersion = 10.0.40219.1
Project("{FAE04EC0-301F-11D3-BF4B-00C04F79EFBC}") = "TransferredFile", "TransferredFile\TransferredFile.csproj", "{1D129845-9A16-41BA-80A5-37BD768FD961}"
EndProject
Project("{9A19103F-16F7-4668-BE54-9A1E7A4F7556}") = "Client", "Client\Client.csproj", "{328244B7-5CB9-4E90-A802-BEBD40F8A21F}"
EndProject
Project("{9A19103F-16F7-4668-BE54-9A1E7A4F7556}") = "Server", "Server\Server.csproj", "{0577F490-B5EC-4790-B0D0-1A189A0C156C}"
EndProject
Global
	GlobalSection(SolutionConfigurationPlatforms) = preSolution
		Debug|Any CPU = Debug|Any CPU
		Release|Any CPU = Release|Any CPU
	EndGlobalSection
	GlobalSection(ProjectConfigurationPlatforms) = postSolution
		{1D129845-9A16-41BA-80A5-37BD768FD961}.Debug|Any CPU.ActiveCfg = Debug|Any CPU
		{1D129845-9A16-41BA-80A5-37BD768FD961}.Debug|Any CPU.Build.0 = Debug|Any CPU
		{1D129845-9A16-41BA-80A5-37BD768FD961}.Release|Any CPU.ActiveCfg = Release|Any CPU
		{1D129845-9A16-41BA-80A5-37BD768FD961}.Release|Any CPU.Build.0 = Release|Any CPU
		{328244B7-5CB9-4E90-A802-BEBD40F8A21F}.Debug|Any CPU.ActiveCfg = Debug|Any CPU
		{328244B7-5CB9-4E90-A802-BEBD40F8A21F}.Debug|Any CPU.Build.0 = Debug|Any CPU
		{328244B7-5CB9-4E90-A802-BEBD40F8A21F}.Release|Any CPU.ActiveCfg = Release|Any CPU
		{328244B7-5CB9-4E90-A802-BEBD40F8A21F}.Release|Any CPU.Build.0 = Release|Any CPU
		{0577F490-B5EC-4790-B0D0-1A189A0C156C}.Debug|Any CPU.ActiveCfg = Debug|Any CPU
		{0577F490-B5EC-4790-B0D0-1A189A0C156C}.Debug|Any CPU.Build.0 = Debug|Any CPU
		{0577F490-B5EC-4790-B0D0-1A189A0C156C}.Release|Any CPU.ActiveCfg = Release|Any CPU
		{0577F490-B5EC-4790-B0D0-1A189A0C156C}.Release|Any CPU.Build.0 = Release|Any CPU
	EndGlobalSection
	GlobalSection(SolutionProperties) = preSolution
		HideSolutionNode = FALSE
	EndGlobalSection
	GlobalSection(ExtensibilityGlobals) = postSolution
		SolutionGuid = {750AD5C8-F66B-4250-BD63-80BE876F6BA9}
	EndGlobalSection
EndGlobal
