
Microsoft Visual Studio Solution File, Format Version 12.00
# Visual Studio 15
VisualStudioVersion = 15.0.27130.2036
MinimumVisualStudioVersion = 10.0.40219.1
Project("{9A19103F-16F7-4668-BE54-9A1E7A4F7556}") = "ClientFileTransfer", "ClientServerFileTransfer\ClientFileTransfer.csproj", "{17F1F4A5-021D-4ACF-8EC2-AFCD2234BE03}"
EndProject
Project("{9A19103F-16F7-4668-BE54-9A1E7A4F7556}") = "ServerFileTransfer", "ServerFileTransfer\ServerFileTransfer.csproj", "{AB5AC715-A2C8-41B1-AAE3-CAD01D43E3A0}"
EndProject
Project("{FAE04EC0-301F-11D3-BF4B-00C04F79EFBC}") = "TransferredFile", "TransferredFile\TransferredFile.csproj", "{1D129845-9A16-41BA-80A5-37BD768FD961}"
EndProject
Global
	GlobalSection(SolutionConfigurationPlatforms) = preSolution
		Debug|Any CPU = Debug|Any CPU
		Release|Any CPU = Release|Any CPU
	EndGlobalSection
	GlobalSection(ProjectConfigurationPlatforms) = postSolution
		{17F1F4A5-021D-4ACF-8EC2-AFCD2234BE03}.Debug|Any CPU.ActiveCfg = Debug|Any CPU
		{17F1F4A5-021D-4ACF-8EC2-AFCD2234BE03}.Debug|Any CPU.Build.0 = Debug|Any CPU
		{17F1F4A5-021D-4ACF-8EC2-AFCD2234BE03}.Release|Any CPU.ActiveCfg = Release|Any CPU
		{17F1F4A5-021D-4ACF-8EC2-AFCD2234BE03}.Release|Any CPU.Build.0 = Release|Any CPU
		{AB5AC715-A2C8-41B1-AAE3-CAD01D43E3A0}.Debug|Any CPU.ActiveCfg = Debug|Any CPU
		{AB5AC715-A2C8-41B1-AAE3-CAD01D43E3A0}.Debug|Any CPU.Build.0 = Debug|Any CPU
		{AB5AC715-A2C8-41B1-AAE3-CAD01D43E3A0}.Release|Any CPU.ActiveCfg = Release|Any CPU
		{AB5AC715-A2C8-41B1-AAE3-CAD01D43E3A0}.Release|Any CPU.Build.0 = Release|Any CPU
		{1D129845-9A16-41BA-80A5-37BD768FD961}.Debug|Any CPU.ActiveCfg = Debug|Any CPU
		{1D129845-9A16-41BA-80A5-37BD768FD961}.Debug|Any CPU.Build.0 = Debug|Any CPU
		{1D129845-9A16-41BA-80A5-37BD768FD961}.Release|Any CPU.ActiveCfg = Release|Any CPU
		{1D129845-9A16-41BA-80A5-37BD768FD961}.Release|Any CPU.Build.0 = Release|Any CPU
	EndGlobalSection
	GlobalSection(SolutionProperties) = preSolution
		HideSolutionNode = FALSE
	EndGlobalSection
	GlobalSection(ExtensibilityGlobals) = postSolution
		SolutionGuid = {750AD5C8-F66B-4250-BD63-80BE876F6BA9}
	EndGlobalSection
EndGlobal
